
Microsoft Visual Studio Solution File, Format Version 12.00
# Visual Studio 15
VisualStudioVersion = 15.0.27004.2010
MinimumVisualStudioVersion = 10.0.40219.1
Project("{FAE04EC0-301F-11D3-BF4B-00C04F79EFBC}") = "SignalRDemo", "SignalRDemo\SignalRDemo.csproj", "{62A41EFB-659A-4ED1-A4BC-328367234CE4}"
EndProject
Global
	GlobalSection(SolutionConfigurationPlatforms) = preSolution
		Debug|Any CPU = Debug|Any CPU
		Release|Any CPU = Release|Any CPU
	EndGlobalSection
	GlobalSection(ProjectConfigurationPlatforms) = postSolution
		{62A41EFB-659A-4ED1-A4BC-328367234CE4}.Debug|Any CPU.ActiveCfg = Debug|Any CPU
		{62A41EFB-659A-4ED1-A4BC-328367234CE4}.Debug|Any CPU.Build.0 = Debug|Any CPU
		{62A41EFB-659A-4ED1-A4BC-328367234CE4}.Release|Any CPU.ActiveCfg = Release|Any CPU
		{62A41EFB-659A-4ED1-A4BC-328367234CE4}.Release|Any CPU.Build.0 = Release|Any CPU
	EndGlobalSection
	GlobalSection(SolutionProperties) = preSolution
		HideSolutionNode = FALSE
	EndGlobalSection
	GlobalSection(ExtensibilityGlobals) = postSolution
		SolutionGuid = {A9604FD4-A826-4295-BA45-490B5FA7F63E}
	EndGlobalSection
EndGlobal
